lockfileVersion: '9.0'

settings:
  autoInstallPeers: true
  excludeLinksFromLockfile: false

importers:

  .:
    dependencies:
      '@prisma/client':
        specifier: ^6.7.0
        version: 6.7.0

packages:

  '@prisma/client@6.7.0':
    resolution: {integrity: sha512-+k61zZn1XHjbZul8q6TdQLpuI/cvyfil87zqK2zpreNIXyXtpUv3+H/oM69hcsFcZXaokHJIzPAt5Z8C8eK2QA==}
    engines: {node: '>=18.18'}
    peerDependencies:
      prisma: '*'
      typescript: '>=5.1.0'
    peerDependenciesMeta:
      prisma:
        optional: true
      typescript:
        optional: true

snapshots:

  '@prisma/client@6.7.0': {}
